
Microsoft Visual Studio Solution File, Format Version 12.00
# Visual Studio Version 16
VisualStudioVersion = 16.0.30503.244
MinimumVisualStudioVersion = 10.0.40219.1
Project("{FAE04EC0-301F-11D3-BF4B-00C04F79EFBC}") = "KomodoCafe", "KomodoConsoleChallenge\KomodoCafe.csproj", "{F9840366-3616-43C0-AE64-0EE75EBCD634}"
EndProject
Project("{FAE04EC0-301F-11D3-BF4B-00C04F79EFBC}") = "KomodoClaimsDepartment", "KomodoClaimsDepartment\KomodoClaimsDepartment.csproj", "{92A2C9AA-B031-490E-80C6-8AB5A3EA6E78}"
EndProject
Global
	GlobalSection(SolutionConfigurationPlatforms) = preSolution
		Debug|Any CPU = Debug|Any CPU
		Release|Any CPU = Release|Any CPU
	EndGlobalSection
	GlobalSection(ProjectConfigurationPlatforms) = postSolution
		{F9840366-3616-43C0-AE64-0EE75EBCD634}.Debug|Any CPU.ActiveCfg = Debug|Any CPU
		{F9840366-3616-43C0-AE64-0EE75EBCD634}.Debug|Any CPU.Build.0 = Debug|Any CPU
		{F9840366-3616-43C0-AE64-0EE75EBCD634}.Release|Any CPU.ActiveCfg = Release|Any CPU
		{F9840366-3616-43C0-AE64-0EE75EBCD634}.Release|Any CPU.Build.0 = Release|Any CPU
		{92A2C9AA-B031-490E-80C6-8AB5A3EA6E78}.Debug|Any CPU.ActiveCfg = Debug|Any CPU
		{92A2C9AA-B031-490E-80C6-8AB5A3EA6E78}.Debug|Any CPU.Build.0 = Debug|Any CPU
		{92A2C9AA-B031-490E-80C6-8AB5A3EA6E78}.Release|Any CPU.ActiveCfg = Release|Any CPU
		{92A2C9AA-B031-490E-80C6-8AB5A3EA6E78}.Release|Any CPU.Build.0 = Release|Any CPU
	EndGlobalSection
	GlobalSection(SolutionProperties) = preSolution
		HideSolutionNode = FALSE
	EndGlobalSection
	GlobalSection(ExtensibilityGlobals) = postSolution
		SolutionGuid = {4B9BE1D2-692C-4E0C-AD76-7B26387A9A49}
	EndGlobalSection
EndGlobal
